
Microsoft Visual Studio Solution File, Format Version 12.00
# Visual Studio 2013
VisualStudioVersion = 12.0.30723.0
MinimumVisualStudioVersion = 10.0.40219.1
Project("{FAE04EC0-301F-11D3-BF4B-00C04F79EFBC}") = "CSharp", "FSharpCSharp\CSharp.csproj", "{0FD74EC1-E7D3-4710-A2B0-561C9E9186BE}"
EndProject
Project("{FAE04EC0-301F-11D3-BF4B-00C04F79EFBC}") = "CSharp.Common", "CSharp.Common\CSharp.Common.csproj", "{43E3E357-8567-4388-A626-409A6E198549}"
EndProject
Global
	GlobalSection(SolutionConfigurationPlatforms) = preSolution
		Debug|Any CPU = Debug|Any CPU
		Release|Any CPU = Release|Any CPU
	EndGlobalSection
	GlobalSection(ProjectConfigurationPlatforms) = postSolution
		{0FD74EC1-E7D3-4710-A2B0-561C9E9186BE}.Debug|Any CPU.ActiveCfg = Debug|Any CPU
		{0FD74EC1-E7D3-4710-A2B0-561C9E9186BE}.Debug|Any CPU.Build.0 = Debug|Any CPU
		{0FD74EC1-E7D3-4710-A2B0-561C9E9186BE}.Release|Any CPU.ActiveCfg = Release|Any CPU
		{0FD74EC1-E7D3-4710-A2B0-561C9E9186BE}.Release|Any CPU.Build.0 = Release|Any CPU
		{43E3E357-8567-4388-A626-409A6E198549}.Debug|Any CPU.ActiveCfg = Debug|Any CPU
		{43E3E357-8567-4388-A626-409A6E198549}.Debug|Any CPU.Build.0 = Debug|Any CPU
		{43E3E357-8567-4388-A626-409A6E198549}.Release|Any CPU.ActiveCfg = Release|Any CPU
		{43E3E357-8567-4388-A626-409A6E198549}.Release|Any CPU.Build.0 = Release|Any CPU
	EndGlobalSection
	GlobalSection(SolutionProperties) = preSolution
		HideSolutionNode = FALSE
	EndGlobalSection
EndGlobal
